
Microsoft Visual Studio Solution File, Format Version 12.00
# Visual Studio 15
VisualStudioVersion = 15.0.28307.438
MinimumVisualStudioVersion = 10.0.40219.1
Project("{FAE04EC0-301F-11D3-BF4B-00C04F79EFBC}") = "Filewatcher", "Filewatcher\Filewatcher.csproj", "{3B95FC57-61CC-40CE-92F3-928B242F99E0}"
EndProject
Global
	GlobalSection(SolutionConfigurationPlatforms) = preSolution
		Debug|Any CPU = Debug|Any CPU
		Release|Any CPU = Release|Any CPU
	EndGlobalSection
	GlobalSection(ProjectConfigurationPlatforms) = postSolution
		{3B95FC57-61CC-40CE-92F3-928B242F99E0}.Debug|Any CPU.ActiveCfg = Debug|Any CPU
		{3B95FC57-61CC-40CE-92F3-928B242F99E0}.Debug|Any CPU.Build.0 = Debug|Any CPU
		{3B95FC57-61CC-40CE-92F3-928B242F99E0}.Release|Any CPU.ActiveCfg = Release|Any CPU
		{3B95FC57-61CC-40CE-92F3-928B242F99E0}.Release|Any CPU.Build.0 = Release|Any CPU
	EndGlobalSection
	GlobalSection(SolutionProperties) = preSolution
		HideSolutionNode = FALSE
	EndGlobalSection
	GlobalSection(ExtensibilityGlobals) = postSolution
		SolutionGuid = {344E847F-F1C1-4503-890A-84635371012F}
	EndGlobalSection
EndGlobal
